{
  "name": "sozi-book",
  "version": "1.0.0",
  "lockfileVersion": 1,
  "requires": true,
  "dependencies": {
    "@fontsource/arsenal": {
      "version": "4.2.1",
      "resolved": "https://registry.npmjs.org/@fontsource/arsenal/-/arsenal-4.2.1.tgz",
      "integrity": "sha512-skJE4+wEYeFAXywQ3O36FMcHvBJsLGnq+xQtVu7nXsNJva0TQT5jduhDdLbXIRFsBjgBNHtWvOYJ9u4qciBoEw==",
      "dev": true
    },
    "@fontsource/jetbrains-mono": {
      "version": "4.2.1",
      "resolved": "https://registry.npmjs.org/@fontsource/jetbrains-mono/-/jetbrains-mono-4.2.1.tgz",
      "integrity": "sha512-jJSRf85hsFJZacxAgSBzZZoNnfNWEDUKaBJHVbpq4bsF4X89kDGBgZ4vTTHZifddngRLxLzCcGuEPoMGbWqv3g==",
      "dev": true
    },
    "@fontsource/pt-serif": {
      "version": "4.2.1",
      "resolved": "https://registry.npmjs.org/@fontsource/pt-serif/-/pt-serif-4.2.1.tgz",
      "integrity": "sha512-otaGpGDtxiiaaRYfI+vXTFdzAWkOzcZXz7fsk5dncWIdtFfBK3Y4375PPC0WQUfvYjh+caUuA1/Ue2jUREDZYg==",
      "dev": true
    }
  }
}
